<?xml version="1.0" encoding="utf-8"?>
<Project ToolsVersion="4.0" xmlns="http://schemas.microsoft.com/developer/msbuild/2003">
  <ItemGroup>
    <Filter Include="Source Files">
      <UniqueIdentifier>{4FC737F1-C7A5-4376-A066-2A32D752A2FF}</UniqueIdentifier>
      <Extensions>cpp;c;cc;cxx;def;odl;idl;hpj;bat;asm;asmx</Extensions>
    </Filter>
    <Filter Include="Header Files">
      <UniqueIdentifier>{93995380-89BD-4b04-88EB-625FBE52EBFB}</UniqueIdentifier>
      <Extensions>h;hh;hpp;hxx;hm;inl;inc;ipp;xsd</Extensions>
    </Filter>
    <Filter Include="Resource Files">
      <UniqueIdentifier>{67DA6AB6-F800-4c08-8B7A-83BB121AAD01}</UniqueIdentifier>
      <Extensions>rc;ico;cur;bmp;dlg;rc2;rct;bin;rgs;gif;jpg;jpeg;jpe;resx;tiff;tif;png;wav;mfcribbon-ms</Extensions>
    </Filter>
  </ItemGroup>
  <ItemGroup>
    <ClCompile Include="KelvinletsApp.cpp">
      <Filter>Source Files</Filter>
    </ClCompile>
    <ClCompile Include="KelvinletManager.cpp">
      <Filter>Source Files</Filter>
    </ClCompile>
    <ClCompile Include="MeshInstanceManager.cpp">
      <Filter>Source Files</Filter>
    </ClCompile>
    <ClCompile Include="KelvinletTimeline.cpp">
      <Filter>Source Files</Filter>
    </ClCompile>
    <ClCompile Include="MeshManager.cpp">
      <Filter>Source Files</Filter>
    </ClCompile>
    <ClCompile Include="KDisplacementManager.cpp">
      <Filter>Source Files</Filter>
    </ClCompile>
    <ClCompile Include="MeshInstance.cpp">
      <Filter>Source Files</Filter>
    </ClCompile>
    <ClCompile Include="KDisplacement.cpp">
      <Filter>Source Files</Filter>
    </ClCompile>
    <ClCompile Include="Kelvinlet.cpp">
      <Filter>Source Files</Filter>
    </ClCompile>
  </ItemGroup>
  <ItemGroup>
    <ClInclude Include="Manager.h">
      <Filter>Header Files</Filter>
    </ClInclude>
    <ClInclude Include="KelvinletManager.h">
      <Filter>Header Files</Filter>
    </ClInclude>
    <ClInclude Include="MeshInstanceManager.h">
      <Filter>Header Files</Filter>
    </ClInclude>
    <ClInclude Include="MeshInstance.h">
      <Filter>Header Files</Filter>
    </ClInclude>
    <ClInclude Include="KelvinletsApp.h">
      <Filter>Header Files</Filter>
    </ClInclude>
    <ClInclude Include="KelvinletTimeline.h">
      <Filter>Header Files</Filter>
    </ClInclude>
    <ClInclude Include="MeshManager.h">
      <Filter>Header Files</Filter>
    </ClInclude>
    <ClInclude Include="KDisplacementManager.h">
      <Filter>Header Files</Filter>
    </ClInclude>
    <ClInclude Include="KDisplacement.h">
      <Filter>Header Files</Filter>
    </ClInclude>
    <ClInclude Include="Kelvinlet.h">
      <Filter>Header Files</Filter>
    </ClInclude>
  </ItemGroup>
</Project>